// !$*UTF8*$!
{
	archiveVersion = 1;
	classes = {
	};
	objectVersion = 48;
	objects = {

/* Begin PBXBuildFile section */
		E98CD5731F9AAA1C0025F981 /* AppDelegate.swift in Sources */ = {isa = PBXBuildFile; fileRef = E98CD5721F9AAA1C0025F981 /* AppDelegate.swift */; };
		E98CD5751F9AAA1C0025F981 /* ViewController.swift in Sources */ = {isa = PBXBuildFile; fileRef = E98CD5741F9AAA1C0025F981 /* ViewController.swift */; };
		E98CD5781F9AAA1C0025F981 /* Main.storyboard in Resources */ = {isa = PBXBuildFile; fileRef = E98CD5761F9AAA1C0025F981 /* Main.storyboard */; };
		E98CD57A1F9AAA1C0025F981 /* Assets.xcassets in Resources */ = {isa = PBXBuildFile; fileRef = E98CD5791F9AAA1C0025F981 /* Assets.xcassets */; };
		E98CD57D1F9AAA1C0025F981 /* LaunchScreen.storyboard in Resources */ = {isa = PBXBuildFile; fileRef = E98CD57B1F9AAA1C0025F981 /* LaunchScreen.storyboard */; };
		E98CD5851F9AADFD0025F981 /* Weather.swift in Sources */ = {isa = PBXBuildFile; fileRef = E98CD5841F9AADFD0025F981 /* Weather.swift */; };
/* End PBXBuildFile section */

/* Begin PBXFileReference section */
		E98CD56F1F9AAA1C0025F981 /* Hacker Weather.app */ = {isa = PBXFileReference; explicitFileType = wrapper.application; includeInIndex = 0; path = "Hacker Weather.app"; sourceTree = BUILT_PRODUCTS_DIR; };
		E98CD5721F9AAA1C0025F981 /* AppDelegate.swift */ = {isa = PBXFileReference; lastKnownFileType = sourcecode.swift; path = AppDelegate.swift; sourceTree = "<group>"; };
		E98CD5741F9AAA1C0025F981 /* ViewController.swift */ = {isa = PBXFileReference; lastKnownFileType = sourcecode.swift; path = ViewController.swift; sourceTree = "<group>"; };
		E98CD5771F9AAA1C0025F981 /* Base */ = {isa = PBXFileReference; lastKnownFileType = file.storyboard; name = Base; path = Base.lproj/Main.storyboard; sourceTree = "<group>"; };
		E98CD5791F9AAA1C0025F981 /* Assets.xcassets */ = {isa = PBXFileReference; lastKnownFileType = folder.assetcatalog; path = Assets.xcassets; sourceTree = "<group>"; };
		E98CD57C1F9AAA1C0025F981 /* Base */ = {isa = PBXFileReference; lastKnownFileType = file.storyboard; name = Base; path = Base.lproj/LaunchScreen.storyboard; sourceTree = "<group>"; };
		E98CD57E1F9AAA1C0025F981 /* Info.plist */ = {isa = PBXFileReference; lastKnownFileType = text.plist.xml; path = Info.plist; sourceTree = "<group>"; };
		E98CD5841F9AADFD0025F981 /* Weather.swift */ = {isa = PBXFileReference; lastKnownFileType = sourcecode.swift; path = Weather.swift; sourceTree = "<group>"; };
/* End PBXFileReference section */

/* Begin PBXFrameworksBuildPhase section */
		E98CD56C1F9AAA1C0025F981 /* Frameworks */ = {
			isa = PBXFrameworksBuildPhase;
			buildActionMask = 2147483647;
			files = (
			);
			runOnlyForDeploymentPostprocessing = 0;
		};
/* End PBXFrameworksBuildPhase section */

/* Begin PBXGroup section */
		E98CD5661F9AAA1B0025F981 = {
			isa = PBXGroup;
			children = (
				E98CD5711F9AAA1C0025F981 /* Hacker Weather */,
				E98CD5701F9AAA1C0025F981 /* Products */,
			);
			sourceTree = "<group>";
		};
		E98CD5701F9AAA1C0025F981 /* Products */ = {
			isa = PBXGroup;
			children = (
				E98CD56F1F9AAA1C0025F981 /* Hacker Weather.app */,
			);
			name = Products;
			sourceTree = "<group>";
		};
		E98CD5711F9AAA1C0025F981 /* Hacker Weather */ = {
			isa = PBXGroup;
			children = (
				E98CD5721F9AAA1C0025F981 /* AppDelegate.swift */,
				E98CD5741F9AAA1C0025F981 /* ViewController.swift */,
				E98CD5761F9AAA1C0025F981 /* Main.storyboard */,
				E98CD5791F9AAA1C0025F981 /* Assets.xcassets */,
				E98CD57B1F9AAA1C0025F981 /* LaunchScreen.storyboard */,
				E98CD57E1F9AAA1C0025F981 /* Info.plist */,
				E98CD5841F9AADFD0025F981 /* Weather.swift */,
			);
			path = "Hacker Weather";
			sourceTree = "<group>";
		};
/* End PBXGroup section */

/* Begin PBXNativeTarget section */
		E98CD56E1F9AAA1C0025F981 /* Hacker Weather */ = {
			isa = PBXNativeTarget;
			buildConfigurationList = E98CD5811F9AAA1C0025F981 /* Build configuration list for PBXNativeTarget "Hacker Weather" */;
			buildPhases = (
				E98CD56B1F9AAA1C0025F981 /* Sources */,
				E98CD56C1F9AAA1C0025F981 /* Frameworks */,
				E98CD56D1F9AAA1C0025F981 /* Resources */,
			);
			buildRules = (
			);
			dependencies = (
			);
			name = "Hacker Weather";
			productName = "Hacker Weather";
			productReference = E98CD56F1F9AAA1C0025F981 /* Hacker Weather.app */;
			productType = "com.apple.product-type.application";
		};
/* End PBXNativeTarget section */

/* Begin PBXProject section */
		E98CD5671F9AAA1B0025F981 /* Project object */ = {
			isa = PBXProject;
			attributes = {
				LastSwiftUpdateCheck = 0900;
				LastUpgradeCheck = 0900;
				ORGANIZATIONNAME = "AW Labs";
				TargetAttributes = {
					E98CD56E1F9AAA1C0025F981 = {
						CreatedOnToolsVersion = 9.0;
						ProvisioningStyle = Automatic;
					};
				};
			};
			buildConfigurationList = E98CD56A1F9AAA1B0025F981 /* Build configuration list for PBXProject "Hacker Weather" */;
			compatibilityVersion = "Xcode 8.0";
			developmentRegion = en;
			hasScannedForEncodings = 0;
			knownRegions = (
				en,
				Base,
			);
			mainGroup = E98CD5661F9AAA1B0025F981;
			productRefGroup = E98CD5701F9AAA1C0025F981 /* Products */;
			projectDirPath = "";
			projectRoot = "";
			targets = (
				E98CD56E1F9AAA1C0025F981 /* Hacker Weather */,
			);
		};
/* End PBXProject section */

/* Begin PBXResourcesBuildPhase section */
		E98CD56D1F9AAA1C0025F981 /* Resources */ = {
			isa = PBXResourcesBuildPhase;
			buildActionMask = 2147483647;
			files = (
				E98CD57D1F9AAA1C0025F981 /* LaunchScreen.storyboard in Resources */,
				E98CD57A1F9AAA1C0025F981 /* Assets.xcassets in Resources */,
				E98CD5781F9AAA1C0025F981 /* Main.storyboard in Resources */,
			);
			runOnlyForDeploymentPostprocessing = 0;
		};
/* End PBXResourcesBuildPhase section */

/* Begin PBXSourcesBuildPhase section */
		E98CD56B1F9AAA1C0025F981 /* Sources */ = {
			isa = PBXSourcesBuildPhase;
			buildActionMask = 2147483647;
			files = (
				E98CD5751F9AAA1C0025F981 /* ViewController.swift in Sources */,
				E98CD5851F9AADFD0025F981 /* Weather.swift in Sources */,
				E98CD5731F9AAA1C0025F981 /* AppDelegate.swift in Sources */,
			);
			runOnlyForDeploymentPostprocessing = 0;
		};
/* End PBXSourcesBuildPhase section */

/* Begin PBXVariantGroup section */
		E98CD5761F9AAA1C0025F981 /* Main.storyboard */ = {
			isa = PBXVariantGroup;
			children = (
				E98CD5771F9AAA1C0025F981 /* Base */,
			);
			name = Main.storyboard;
			sourceTree = "<group>";
		};
		E98CD57B1F9AAA1C0025F981 /* LaunchScreen.storyboard */ = {
			isa = PBXVariantGroup;
			children = (
				E98CD57C1F9AAA1C0025F981 /* Base */,
			);
			name = LaunchScreen.storyboard;
			sourceTree = "<group>";
		};
/* End PBXVariantGroup section */

/* Begin XCBuildConfiguration section */
		E98CD57F1F9AAA1C0025F981 /* Debug */ = {
			isa = XCBuildConfiguration;
			buildSettings = {
				ALWAYS_SEARCH_USER_PATHS = NO;
				CLANG_ANALYZER_NONNULL = YES;
				CLANG_ANALYZER_NUMBER_OBJECT_CONVERSION = YES_AGGRESSIVE;
				CLANG_CXX_LANGUAGE_STANDARD = "gnu++14";
				CLANG_CXX_LIBRARY = "libc++";
				CLANG_ENABLE_MODULES = YES;
				CLANG_ENABLE_OBJC_ARC = YES;
				CLANG_WARN_BLOCK_CAPTURE_AUTORELEASING = YES;
				CLANG_WARN_BOOL_CONVERSION = YES;
				CLANG_WARN_COMMA = YES;
				CLANG_WARN_CONSTANT_CONVERSION = YES;
				CLANG_WARN_DIRECT_OBJC_ISA_USAGE = YES_ERROR;
				CLANG_WARN_DOCUMENTATION_COMMENTS = YES;
				CLANG_WARN_EMPTY_BODY = YES;
				CLANG_WARN_ENUM_CONVERSION = YES;
				CLANG_WARN_INFINITE_RECURSION = YES;
				CLANG_WARN_INT_CONVERSION = YES;
				CLANG_WARN_NON_LITERAL_NULL_CONVERSION = YES;
				CLANG_WARN_OBJC_LITERAL_CONVERSION = YES;
				CLANG_WARN_OBJC_ROOT_CLASS = YES_ERROR;
				CLANG_WARN_RANGE_LOOP_ANALYSIS = YES;
				CLANG_WARN_STRICT_PROTOTYPES = YES;
				CLANG_WARN_SUSPICIOUS_MOVE = YES;
				CLANG_WARN_UNGUARDED_AVAILABILITY = YES_AGGRESSIVE;
				CLANG_WARN_UNREACHABLE_CODE = YES;
				CLANG_WARN__DUPLICATE_METHOD_MATCH = YES;
				CODE_SIGN_IDENTITY = "iPhone Developer";
				COPY_PHASE_STRIP = NO;
				DEBUG_INFORMATION_FORMAT = dwarf;
				ENABLE_STRICT_OBJC_MSGSEND = YES;
				ENABLE_TESTABILITY = YES;
				GCC_C_LANGUAGE_STANDARD = gnu11;
				GCC_DYNAMIC_NO_PIC = NO;
				GCC_NO_COMMON_BLOCKS = YES;
				GCC_OPTIMIZATION_LEVEL = 0;
				GCC_PREPROCESSOR_DEFINITIONS = (
					"DEBUG=1",
					"$(inherited)",
				);
				GCC_WARN_64_TO_32_BIT_CONVERSION = YES;
				GCC_WARN_ABOUT_RETURN_TYPE = YES_ERROR;
				GCC_WARN_UNDECLARED_SELECTOR = YES;
				GCC_WARN_UNINITIALIZED_AUTOS = YES_AGGRESSIVE;
				GCC_WARN_UNUSED_FUNCTION = YES;
				GCC_WARN_UNUSED_VARIABLE = YES;
				IPHONEOS_DEPLOYMENT_TARGET = 11.0;
				MTL_ENABLE_DEBUG_INFO = YES;
				ONLY_ACTIVE_ARCH = YES;
				SDKROOT = iphoneos;
				SWIFT_ACTIVE_COMPILATION_CONDITIONS = DEBUG;
				SWIFT_OPTIMIZATION_LEVEL = "-Onone";
			};
			name = Debug;
		};
		E98CD5801F9AAA1C0025F981 /* Release */ = {
			isa = XCBuildConfiguration;
			buildSettings = {
				ALWAYS_SEARCH_USER_PATHS = NO;
				CLANG_ANALYZER_NONNULL = YES;
				CLANG_ANALYZER_NUMBER_OBJECT_CONVERSION = YES_AGGRESSIVE;
				CLANG_CXX_LANGUAGE_STANDARD = "gnu++14";
				CLANG_CXX_LIBRARY = "libc++";
				CLANG_ENABLE_MODULES = YES;
				CLANG_ENABLE_OBJC_ARC = YES;
				CLANG_WARN_BLOCK_CAPTURE_AUTORELEASING = YES;
				CLANG_WARN_BOOL_CONVERSION = YES;
				CLANG_WARN_COMMA = YES;
				CLANG_WARN_CONSTANT_CONVERSION = YES;
				CLANG_WARN_DIRECT_OBJC_ISA_USAGE = YES_ERROR;
				CLANG_WARN_DOCUMENTATION_COMMENTS = YES;
				CLANG_WARN_EMPTY_BODY = YES;
				CLANG_WARN_ENUM_CONVERSION = YES;
				CLANG_WARN_INFINITE_RECURSION = YES;
				CLANG_WARN_INT_CONVERSION = YES;
				CLANG_WARN_NON_LITERAL_NULL_CONVERSION = YES;
				CLANG_WARN_OBJC_LITERAL_CONVERSION = YES;
				CLANG_WARN_OBJC_ROOT_CLASS = YES_ERROR;
				CLANG_WARN_RANGE_LOOP_ANALYSIS = YES;
				CLANG_WARN_STRICT_PROTOTYPES = YES;
				CLANG_WARN_SUSPICIOUS_MOVE = YES;
				CLANG_WARN_UNGUARDED_AVAILABILITY = YES_AGGRESSIVE;
				CLANG_WARN_UNREACHABLE_CODE = YES;
				CLANG_WARN__DUPLICATE_METHOD_MATCH = YES;
				CODE_SIGN_IDENTITY = "iPhone Developer";
				COPY_PHASE_STRIP = NO;
				DEBUG_INFORMATION_FORMAT = "dwarf-with-dsym";
				ENABLE_NS_ASSERTIONS = NO;
				ENABLE_STRICT_OBJC_MSGSEND = YES;
				GCC_C_LANGUAGE_STANDARD = gnu11;
				GCC_NO_COMMON_BLOCKS = YES;
				GCC_WARN_64_TO_32_BIT_CONVERSION = YES;
				GCC_WARN_ABOUT_RETURN_TYPE = YES_ERROR;
				GCC_WARN_UNDECLARED_SELECTOR = YES;
				GCC_WARN_UNINITIALIZED_AUTOS = YES_AGGRESSIVE;
				GCC_WARN_UNUSED_FUNCTION = YES;
				GCC_WARN_UNUSED_VARIABLE = YES;
				IPHONEOS_DEPLOYMENT_TARGET = 11.0;
				MTL_ENABLE_DEBUG_INFO = NO;
				SDKROOT = iphoneos;
				SWIFT_OPTIMIZATION_LEVEL = "-Owholemodule";
				VALIDATE_PRODUCT = YES;
			};
			name = Release;
		};
		E98CD5821F9AAA1C0025F981 /* Debug */ = {
			isa = XCBuildConfiguration;
			buildSettings = {
				ASSETCATALOG_COMPILER_APPICON_NAME = AppIcon;
				CODE_SIGN_STYLE = Automatic;
				DEVELOPMENT_TEAM = 553YDUGEZB;
				INFOPLIST_FILE = "Hacker Weather/Info.plist";
				LD_RUNPATH_SEARCH_PATHS = "$(inherited) @executable_path/Frameworks";
				PRODUCT_BUNDLE_IDENTIFIER = "tech.awlabs.Hacker-Weather";
				PRODUCT_NAME = "$(TARGET_NAME)";
				SWIFT_VERSION = 4.0;
				TARGETED_DEVICE_FAMILY = "1,2";
			};
			name = Debug;
		};
		E98CD5831F9AAA1C0025F981 /* Release */ = {
			isa = XCBuildConfiguration;
			buildSettings = {
				ASSETCATALOG_COMPILER_APPICON_NAME = AppIcon;
				CODE_SIGN_STYLE = Automatic;
				DEVELOPMENT_TEAM = 553YDUGEZB;
				INFOPLIST_FILE = "Hacker Weather/Info.plist";
				LD_RUNPATH_SEARCH_PATHS = "$(inherited) @executable_path/Frameworks";
				PRODUCT_BUNDLE_IDENTIFIER = "tech.awlabs.Hacker-Weather";
				PRODUCT_NAME = "$(TARGET_NAME)";
				SWIFT_VERSION = 4.0;
				TARGETED_DEVICE_FAMILY = "1,2";
			};
			name = Release;
		};
/* End XCBuildConfiguration section */

/* Begin XCConfigurationList section */
		E98CD56A1F9AAA1B0025F981 /* Build configuration list for PBXProject "Hacker Weather" */ = {
			isa = XCConfigurationList;
			buildConfigurations = (
				E98CD57F1F9AAA1C0025F981 /* Debug */,
				E98CD5801F9AAA1C0025F981 /* Release */,
			);
			defaultConfigurationIsVisible = 0;
			defaultConfigurationName = Release;
		};
		E98CD5811F9AAA1C0025F981 /* Build configuration list for PBXNativeTarget "Hacker Weather" */ = {
			isa = XCConfigurationList;
			buildConfigurations = (
				E98CD5821F9AAA1C0025F981 /* Debug */,
				E98CD5831F9AAA1C0025F981 /* Release */,
			);
			defaultConfigurationIsVisible = 0;
			defaultConfigurationName = Release;
		};
/* End XCConfigurationList section */
	};
	rootObject = E98CD5671F9AAA1B0025F981 /* Project object */;
}
